
Microsoft Visual Studio Solution File, Format Version 12.00
# Visual Studio Version 17
VisualStudioVersion = 17.5.33530.505
MinimumVisualStudioVersion = 10.0.40219.1
Project("{FAE04EC0-301F-11D3-BF4B-00C04F79EFBC}") = "Take_Note_App", "Take_Note_App.csproj", "{7D1342AB-3215-4B27-BB5F-F9F2F2B0E034}"
EndProject
Global
	GlobalSection(SolutionConfigurationPlatforms) = preSolution
		Debug|Any CPU = Debug|Any CPU
		Release|Any CPU = Release|Any CPU
	EndGlobalSection
	GlobalSection(ProjectConfigurationPlatforms) = postSolution
		{7D1342AB-3215-4B27-BB5F-F9F2F2B0E034}.Debug|Any CPU.ActiveCfg = Debug|Any CPU
		{7D1342AB-3215-4B27-BB5F-F9F2F2B0E034}.Debug|Any CPU.Build.0 = Debug|Any CPU
		{7D1342AB-3215-4B27-BB5F-F9F2F2B0E034}.Release|Any CPU.ActiveCfg = Release|Any CPU
		{7D1342AB-3215-4B27-BB5F-F9F2F2B0E034}.Release|Any CPU.Build.0 = Release|Any CPU
	EndGlobalSection
	GlobalSection(SolutionProperties) = preSolution
		HideSolutionNode = FALSE
	EndGlobalSection
	GlobalSection(ExtensibilityGlobals) = postSolution
		SolutionGuid = {6AAA6509-10E7-4F85-8135-6201DAE9A02A}
	EndGlobalSection
EndGlobal
